Microsoft Visual Studio Solution File, Format Version 12.00
# Visual Studio Version 16
VisualStudioVersion = 16.0.30907.101
MinimumVisualStudioVersion = 10.0.40219.1
Project("{2150E333-8FDC-42A3-9474-1A3956D46DE8}") = "Business", "Business", "{CDA85CF8-58A4-45E4-B832-4DD25EB83D3E}"
EndProject
Project("{2150E333-8FDC-42A3-9474-1A3956D46DE8}") = "Infrastructure", "Infrastructure", "{20B0D896-1466-4EAB-85C5-BB44E21EE8ED}"
EndProject
Project("{9A19103F-16F7-4668-BE54-9A1E7A4F7556}") = "DC.Business.WebApi", "DC.Business.WebApi\DC.Business.WebApi.csproj", "{FD9CAEBA-8A81-47F6-9735-D94402874629}"
EndProject
Project("{9A19103F-16F7-4668-BE54-9A1E7A4F7556}") = "DC.Business.Application.Services", "DC.Business.Application.Services\DC.Business.Application.Services.csproj", "{8EF042F6-F027-45DC-A531-BB9A61B9185B}"
EndProject
Project("{2150E333-8FDC-42A3-9474-1A3956D46DE8}") = "Core", "Core", "{AEAA681F-87E2-4175-8534-F1D174290F0D}"
EndProject
Project("{9A19103F-16F7-4668-BE54-9A1E7A4F7556}") = "DC.Core", "DC.Core\DC.Core.csproj", "{D2D4D84F-1356-45E2-BA74-74F8CD9C5F49}"
EndProject
Project("{9A19103F-16F7-4668-BE54-9A1E7A4F7556}") = "DC.Core.Contracts", "DC.Core.Contracts\DC.Core.Contracts.csproj", "{159572C9-4600-43A3-93DC-0241889C2BC5}"
EndProject
Project("{9A19103F-16F7-4668-BE54-9A1E7A4F7556}") = "DC.Business.Application.Contracts", "DC.Business.Application.Contracts\DC.Business.Application.Contracts.csproj", "{8EF8C278-FE73-4A95-902D-268D1C9BD926}"
EndProject
Project("{9A19103F-16F7-4668-BE54-9A1E7A4F7556}") = "DC.Business.Domain", "DC.Business.Domain\DC.Business.Domain.csproj", "{9179EECF-11B4-476C-9EA3-7E4B82BB2BB6}"
EndProject
Project("{2150E333-8FDC-42A3-9474-1A3956D46DE8}") = "Infrastructure", "Infrastructure", "{F7E072A2-BD2F-4510-9C42-5A214D3F214F}"
EndProject
Project("{9A19103F-16F7-4668-BE54-9A1E7A4F7556}") = "DC.Business.Bootstrap", "DC.Business.Bootstrap\DC.Business.Bootstrap.csproj", "{CE96A2C9-997C-4A25-B347-0A6DF3CEB75C}"
EndProject
Project("{9A19103F-16F7-4668-BE54-9A1E7A4F7556}") = "DC.Core.Security.Jwt", "DC.Core.Security.Jwt\DC.Core.Security.Jwt.csproj", "{1F057AC9-7FC5-4C57-A1B3-DFC1B58A83F0}"
EndProject
Project("{9A19103F-16F7-4668-BE54-9A1E7A4F7556}") = "DC.Core.Bootstrap", "DC.Core.Bootstrap\DC.Core.Bootstrap.csproj", "{586740C1-6395-43E6-BC46-37F823FDA1FA}"
EndProject
Project("{9A19103F-16F7-4668-BE54-9A1E7A4F7556}") = "DC.Business.ElasticSearch", "DC.Business.ElasticSearch\DC.Business.ElasticSearch.csproj", "{B3E56750-4F23-4EE5-B5B9-82070A685FC3}"
EndProject
Project("{9A19103F-16F7-4668-BE54-9A1E7A4F7556}") = "DC.Core.DataAccess.MySql", "DC.Core.DataAccess.MySql\DC.Core.DataAccess.MySql.csproj", "{C566DDB4-8031-44E9-8280-4A143D9A2F65}"
EndProject
Project("{9A19103F-16F7-4668-BE54-9A1E7A4F7556}") = "DC.Business.DataAccess.MySql", "DC.Business.DataAccess.MySql\DC.Business.DataAccess.MySql.csproj", "{DF13243A-F7FE-45E8-88C3-E664DDE8AED4}"
EndProject
Project("{9A19103F-16F7-4668-BE54-9A1E7A4F7556}") = "DC.Core.Messaging.RabbitMQ", "DC.Core.Messaging.RabbitMQ\DC.Core.Messaging.RabbitMQ.csproj", "{C4002B00-5C68-46B6-A914-C18E2133DF03}"
EndProject
Project("{2150E333-8FDC-42A3-9474-1A3956D46DE8}") = "Consumers", "Consumers", "{C5DC47A0-72D8-48B6-B568-6F2B60B5E71E}"
EndProject
Project("{9A19103F-16F7-4668-BE54-9A1E7A4F7556}") = "DC.Business.Consumer.Email", "DC.Business.Consumer.Email\DC.Business.Consumer.Email.csproj", "{9FB70D8E-BC87-4663-8D13-5F75599A0136}"
EndProject
Project("{9A19103F-16F7-4668-BE54-9A1E7A4F7556}") = "DC.Business.Chat", "DC.Business.Chat\DC.Business.Chat.csproj", "{D8992256-A80A-4AA3-9C46-392E39C8D8E6}"
EndProject
Global
	GlobalSection(SolutionConfigurationPlatforms) = preSolution
		Debug|Any CPU = Debug|Any CPU
		Release|Any CPU = Release|Any CPU
	EndGlobalSection
	GlobalSection(ProjectConfigurationPlatforms) = postSolution
		{FD9CAEBA-8A81-47F6-9735-D94402874629}.Debug|Any CPU.ActiveCfg = Debug|Any CPU
		{FD9CAEBA-8A81-47F6-9735-D94402874629}.Debug|Any CPU.Build.0 = Debug|Any CPU
		{FD9CAEBA-8A81-47F6-9735-D94402874629}.Release|Any CPU.ActiveCfg = Release|Any CPU
		{FD9CAEBA-8A81-47F6-9735-D94402874629}.Release|Any CPU.Build.0 = Release|Any CPU
		{8EF042F6-F027-45DC-A531-BB9A61B9185B}.Debug|Any CPU.ActiveCfg = Debug|Any CPU
		{8EF042F6-F027-45DC-A531-BB9A61B9185B}.Debug|Any CPU.Build.0 = Debug|Any CPU
		{8EF042F6-F027-45DC-A531-BB9A61B9185B}.Release|Any CPU.ActiveCfg = Release|Any CPU
		{8EF042F6-F027-45DC-A531-BB9A61B9185B}.Release|Any CPU.Build.0 = Release|Any CPU
		{D2D4D84F-1356-45E2-BA74-74F8CD9C5F49}.Debug|Any CPU.ActiveCfg = Debug|Any CPU
		{D2D4D84F-1356-45E2-BA74-74F8CD9C5F49}.Debug|Any CPU.Build.0 = Debug|Any CPU
		{D2D4D84F-1356-45E2-BA74-74F8CD9C5F49}.Release|Any CPU.ActiveCfg = Release|Any CPU
		{D2D4D84F-1356-45E2-BA74-74F8CD9C5F49}.Release|Any CPU.Build.0 = Release|Any CPU
		{159572C9-4600-43A3-93DC-0241889C2BC5}.Debug|Any CPU.ActiveCfg = Debug|Any CPU
		{159572C9-4600-43A3-93DC-0241889C2BC5}.Debug|Any CPU.Build.0 = Debug|Any CPU
		{159572C9-4600-43A3-93DC-0241889C2BC5}.Release|Any CPU.ActiveCfg = Release|Any CPU
		{159572C9-4600-43A3-93DC-0241889C2BC5}.Release|Any CPU.Build.0 = Release|Any CPU
		{8EF8C278-FE73-4A95-902D-268D1C9BD926}.Debug|Any CPU.ActiveCfg = Debug|Any CPU
		{8EF8C278-FE73-4A95-902D-268D1C9BD926}.Debug|Any CPU.Build.0 = Debug|Any CPU
		{8EF8C278-FE73-4A95-902D-268D1C9BD926}.Release|Any CPU.ActiveCfg = Release|Any CPU
		{8EF8C278-FE73-4A95-902D-268D1C9BD926}.Release|Any CPU.Build.0 = Release|Any CPU
		{9179EECF-11B4-476C-9EA3-7E4B82BB2BB6}.Debug|Any CPU.ActiveCfg = Debug|Any CPU
		{9179EECF-11B4-476C-9EA3-7E4B82BB2BB6}.Debug|Any CPU.Build.0 = Debug|Any CPU
		{9179EECF-11B4-476C-9EA3-7E4B82BB2BB6}.Release|Any CPU.ActiveCfg = Release|Any CPU
		{9179EECF-11B4-476C-9EA3-7E4B82BB2BB6}.Release|Any CPU.Build.0 = Release|Any CPU
		{CE96A2C9-997C-4A25-B347-0A6DF3CEB75C}.Debug|Any CPU.ActiveCfg = Debug|Any CPU
		{CE96A2C9-997C-4A25-B347-0A6DF3CEB75C}.Debug|Any CPU.Build.0 = Debug|Any CPU
		{CE96A2C9-997C-4A25-B347-0A6DF3CEB75C}.Release|Any CPU.ActiveCfg = Release|Any CPU
		{CE96A2C9-997C-4A25-B347-0A6DF3CEB75C}.Release|Any CPU.Build.0 = Release|Any CPU
		{1F057AC9-7FC5-4C57-A1B3-DFC1B58A83F0}.Debug|Any CPU.ActiveCfg = Debug|Any CPU
		{1F057AC9-7FC5-4C57-A1B3-DFC1B58A83F0}.Debug|Any CPU.Build.0 = Debug|Any CPU
		{1F057AC9-7FC5-4C57-A1B3-DFC1B58A83F0}.Release|Any CPU.ActiveCfg = Release|Any CPU
		{1F057AC9-7FC5-4C57-A1B3-DFC1B58A83F0}.Release|Any CPU.Build.0 = Release|Any CPU
		{586740C1-6395-43E6-BC46-37F823FDA1FA}.Debug|Any CPU.ActiveCfg = Debug|Any CPU
		{586740C1-6395-43E6-BC46-37F823FDA1FA}.Debug|Any CPU.Build.0 = Debug|Any CPU
		{586740C1-6395-43E6-BC46-37F823FDA1FA}.Release|Any CPU.ActiveCfg = Release|Any CPU
		{586740C1-6395-43E6-BC46-37F823FDA1FA}.Release|Any CPU.Build.0 = Release|Any CPU
		{B3E56750-4F23-4EE5-B5B9-82070A685FC3}.Debug|Any CPU.ActiveCfg = Debug|Any CPU
		{B3E56750-4F23-4EE5-B5B9-82070A685FC3}.Debug|Any CPU.Build.0 = Debug|Any CPU
		{B3E56750-4F23-4EE5-B5B9-82070A685FC3}.Release|Any CPU.ActiveCfg = Release|Any CPU
		{B3E56750-4F23-4EE5-B5B9-82070A685FC3}.Release|Any CPU.Build.0 = Release|Any CPU
		{C566DDB4-8031-44E9-8280-4A143D9A2F65}.Debug|Any CPU.ActiveCfg = Debug|Any CPU
		{C566DDB4-8031-44E9-8280-4A143D9A2F65}.Debug|Any CPU.Build.0 = Debug|Any CPU
		{C566DDB4-8031-44E9-8280-4A143D9A2F65}.Release|Any CPU.ActiveCfg = Release|Any CPU
		{C566DDB4-8031-44E9-8280-4A143D9A2F65}.Release|Any CPU.Build.0 = Release|Any CPU
		{DF13243A-F7FE-45E8-88C3-E664DDE8AED4}.Debug|Any CPU.ActiveCfg = Debug|Any CPU
		{DF13243A-F7FE-45E8-88C3-E664DDE8AED4}.Debug|Any CPU.Build.0 = Debug|Any CPU
		{DF13243A-F7FE-45E8-88C3-E664DDE8AED4}.Release|Any CPU.ActiveCfg = Release|Any CPU
		{DF13243A-F7FE-45E8-88C3-E664DDE8AED4}.Release|Any CPU.Build.0 = Release|Any CPU
		{C4002B00-5C68-46B6-A914-C18E2133DF03}.Debug|Any CPU.ActiveCfg = Debug|Any CPU
		{C4002B00-5C68-46B6-A914-C18E2133DF03}.Debug|Any CPU.Build.0 = Debug|Any CPU
		{C4002B00-5C68-46B6-A914-C18E2133DF03}.Release|Any CPU.ActiveCfg = Release|Any CPU
		{C4002B00-5C68-46B6-A914-C18E2133DF03}.Release|Any CPU.Build.0 = Release|Any CPU
		{9FB70D8E-BC87-4663-8D13-5F75599A0136}.Debug|Any CPU.ActiveCfg = Debug|Any CPU
		{9FB70D8E-BC87-4663-8D13-5F75599A0136}.Debug|Any CPU.Build.0 = Debug|Any CPU
		{9FB70D8E-BC87-4663-8D13-5F75599A0136}.Release|Any CPU.ActiveCfg = Release|Any CPU
		{9FB70D8E-BC87-4663-8D13-5F75599A0136}.Release|Any CPU.Build.0 = Release|Any CPU
		{D8992256-A80A-4AA3-9C46-392E39C8D8E6}.Debug|Any CPU.ActiveCfg = Debug|Any CPU
		{D8992256-A80A-4AA3-9C46-392E39C8D8E6}.Debug|Any CPU.Build.0 = Debug|Any CPU
		{D8992256-A80A-4AA3-9C46-392E39C8D8E6}.Release|Any CPU.ActiveCfg = Release|Any CPU
		{D8992256-A80A-4AA3-9C46-392E39C8D8E6}.Release|Any CPU.Build.0 = Release|Any CPU
	EndGlobalSection
	GlobalSection(SolutionProperties) = preSolution
		HideSolutionNode = FALSE
	EndGlobalSection
	GlobalSection(NestedProjects) = preSolution
		{20B0D896-1466-4EAB-85C5-BB44E21EE8ED} = {CDA85CF8-58A4-45E4-B832-4DD25EB83D3E}
		{FD9CAEBA-8A81-47F6-9735-D94402874629} = {20B0D896-1466-4EAB-85C5-BB44E21EE8ED}
		{8EF042F6-F027-45DC-A531-BB9A61B9185B} = {CDA85CF8-58A4-45E4-B832-4DD25EB83D3E}
		{D2D4D84F-1356-45E2-BA74-74F8CD9C5F49} = {AEAA681F-87E2-4175-8534-F1D174290F0D}
		{159572C9-4600-43A3-93DC-0241889C2BC5} = {AEAA681F-87E2-4175-8534-F1D174290F0D}
		{8EF8C278-FE73-4A95-902D-268D1C9BD926} = {CDA85CF8-58A4-45E4-B832-4DD25EB83D3E}
		{9179EECF-11B4-476C-9EA3-7E4B82BB2BB6} = {CDA85CF8-58A4-45E4-B832-4DD25EB83D3E}
		{F7E072A2-BD2F-4510-9C42-5A214D3F214F} = {AEAA681F-87E2-4175-8534-F1D174290F0D}
		{CE96A2C9-997C-4A25-B347-0A6DF3CEB75C} = {20B0D896-1466-4EAB-85C5-BB44E21EE8ED}
		{1F057AC9-7FC5-4C57-A1B3-DFC1B58A83F0} = {F7E072A2-BD2F-4510-9C42-5A214D3F214F}
		{586740C1-6395-43E6-BC46-37F823FDA1FA} = {F7E072A2-BD2F-4510-9C42-5A214D3F214F}
		{B3E56750-4F23-4EE5-B5B9-82070A685FC3} = {20B0D896-1466-4EAB-85C5-BB44E21EE8ED}
		{C566DDB4-8031-44E9-8280-4A143D9A2F65} = {F7E072A2-BD2F-4510-9C42-5A214D3F214F}
		{DF13243A-F7FE-45E8-88C3-E664DDE8AED4} = {20B0D896-1466-4EAB-85C5-BB44E21EE8ED}
		{C4002B00-5C68-46B6-A914-C18E2133DF03} = {F7E072A2-BD2F-4510-9C42-5A214D3F214F}
		{C5DC47A0-72D8-48B6-B568-6F2B60B5E71E} = {20B0D896-1466-4EAB-85C5-BB44E21EE8ED}
		{9FB70D8E-BC87-4663-8D13-5F75599A0136} = {C5DC47A0-72D8-48B6-B568-6F2B60B5E71E}
		{D8992256-A80A-4AA3-9C46-392E39C8D8E6} = {20B0D896-1466-4EAB-85C5-BB44E21EE8ED}
	EndGlobalSection
	GlobalSection(ExtensibilityGlobals) = postSolution
		SolutionGuid = {EBD5B19E-5212-4948-9095-1CB6EF8B1B0D}
	EndGlobalSection
EndGlobal
